// !$*UTF8*$!
{
	archiveVersion = 1;
	classes = {
	};
	objectVersion = 46;
	objects = {

/* Begin PBXBuildFile section */
		D22100F61D85F5C200B1C769 /* NewReminder.swift in Sources */ = {isa = PBXBuildFile; fileRef = D22100F51D85F5C200B1C769 /* NewReminder.swift */; };
		D22100F81D8600FB00B1C769 /* EditReminder.swift in Sources */ = {isa = PBXBuildFile; fileRef = D22100F71D8600FB00B1C769 /* EditReminder.swift */; };
		D296FE441D8307F300306CFA /* AppDelegate.swift in Sources */ = {isa = PBXBuildFile; fileRef = D296FE431D8307F300306CFA /* AppDelegate.swift */; };
		D296FE461D8307F300306CFA /* ViewController.swift in Sources */ = {isa = PBXBuildFile; fileRef = D296FE451D8307F300306CFA /* ViewController.swift */; };
		D296FE491D8307F300306CFA /* Main.storyboard in Resources */ = {isa = PBXBuildFile; fileRef = D296FE471D8307F300306CFA /* Main.storyboard */; };
		D296FE4C1D8307F300306CFA /* basicEventKit.xcdatamodeld in Sources */ = {isa = PBXBuildFile; fileRef = D296FE4A1D8307F300306CFA /* basicEventKit.xcdatamodeld */; };
		D296FE4E1D8307F300306CFA /* Assets.xcassets in Resources */ = {isa = PBXBuildFile; fileRef = D296FE4D1D8307F300306CFA /* Assets.xcassets */; };
		D296FE511D8307F300306CFA /* LaunchScreen.storyboard in Resources */ = {isa = PBXBuildFile; fileRef = D296FE4F1D8307F300306CFA /* LaunchScreen.storyboard */; };
/* End PBXBuildFile section */

/* Begin PBXFileReference section */
		D22100F51D85F5C200B1C769 /* NewReminder.swift */ = {isa = PBXFileReference; fileEncoding = 4; lastKnownFileType = sourcecode.swift; path = NewReminder.swift; sourceTree = "<group>"; };
		D22100F71D8600FB00B1C769 /* EditReminder.swift */ = {isa = PBXFileReference; fileEncoding = 4; lastKnownFileType = sourcecode.swift; path = EditReminder.swift; sourceTree = "<group>"; };
		D296FE401D8307F300306CFA /* basicEventKit.app */ = {isa = PBXFileReference; explicitFileType = wrapper.application; includeInIndex = 0; path = basicEventKit.app; sourceTree = BUILT_PRODUCTS_DIR; };
		D296FE431D8307F300306CFA /* AppDelegate.swift */ = {isa = PBXFileReference; lastKnownFileType = sourcecode.swift; path = AppDelegate.swift; sourceTree = "<group>"; };
		D296FE451D8307F300306CFA /* ViewController.swift */ = {isa = PBXFileReference; lastKnownFileType = sourcecode.swift; path = ViewController.swift; sourceTree = "<group>"; };
		D296FE481D8307F300306CFA /* Base */ = {isa = PBXFileReference; lastKnownFileType = file.storyboard; name = Base; path = Base.lproj/Main.storyboard; sourceTree = "<group>"; };
		D296FE4B1D8307F300306CFA /* basicEventKit.xcdatamodel */ = {isa = PBXFileReference; lastKnownFileType = wrapper.xcdatamodel; path = basicEventKit.xcdatamodel; sourceTree = "<group>"; };
		D296FE4D1D8307F300306CFA /* Assets.xcassets */ = {isa = PBXFileReference; lastKnownFileType = folder.assetcatalog; path = Assets.xcassets; sourceTree = "<group>"; };
		D296FE501D8307F300306CFA /* Base */ = {isa = PBXFileReference; lastKnownFileType = file.storyboard; name = Base; path = Base.lproj/LaunchScreen.storyboard; sourceTree = "<group>"; };
		D296FE521D8307F300306CFA /* Info.plist */ = {isa = PBXFileReference; lastKnownFileType = text.plist.xml; path = Info.plist; sourceTree = "<group>"; };
/* End PBXFileReference section */

/* Begin PBXFrameworksBuildPhase section */
		D296FE3D1D8307F300306CFA /* Frameworks */ = {
			isa = PBXFrameworksBuildPhase;
			buildActionMask = 2147483647;
			files = (
			);
			runOnlyForDeploymentPostprocessing = 0;
		};
/* End PBXFrameworksBuildPhase section */

/* Begin PBXGroup section */
		D296FE371D8307F300306CFA = {
			isa = PBXGroup;
			children = (
				D296FE421D8307F300306CFA /* basicEventKit */,
				D296FE411D8307F300306CFA /* Products */,
			);
			sourceTree = "<group>";
		};
		D296FE411D8307F300306CFA /* Products */ = {
			isa = PBXGroup;
			children = (
				D296FE401D8307F300306CFA /* basicEventKit.app */,
			);
			name = Products;
			sourceTree = "<group>";
		};
		D296FE421D8307F300306CFA /* basicEventKit */ = {
			isa = PBXGroup;
			children = (
				D296FE431D8307F300306CFA /* AppDelegate.swift */,
				D296FE451D8307F300306CFA /* ViewController.swift */,
				D22100F51D85F5C200B1C769 /* NewReminder.swift */,
				D296FE471D8307F300306CFA /* Main.storyboard */,
				D22100F71D8600FB00B1C769 /* EditReminder.swift */,
				D296FE4D1D8307F300306CFA /* Assets.xcassets */,
				D296FE4F1D8307F300306CFA /* LaunchScreen.storyboard */,
				D296FE521D8307F300306CFA /* Info.plist */,
				D296FE4A1D8307F300306CFA /* basicEventKit.xcdatamodeld */,
			);
			path = basicEventKit;
			sourceTree = "<group>";
		};
/* End PBXGroup section */

/* Begin PBXNativeTarget section */
		D296FE3F1D8307F300306CFA /* basicEventKit */ = {
			isa = PBXNativeTarget;
			buildConfigurationList = D296FE551D8307F300306CFA /* Build configuration list for PBXNativeTarget "basicEventKit" */;
			buildPhases = (
				D296FE3C1D8307F300306CFA /* Sources */,
				D296FE3D1D8307F300306CFA /* Frameworks */,
				D296FE3E1D8307F300306CFA /* Resources */,
			);
			buildRules = (
			);
			dependencies = (
			);
			name = basicEventKit;
			productName = basicEventKit;
			productReference = D296FE401D8307F300306CFA /* basicEventKit.app */;
			productType = "com.apple.product-type.application";
		};
/* End PBXNativeTarget section */

/* Begin PBXProject section */
		D296FE381D8307F300306CFA /* Project object */ = {
			isa = PBXProject;
			attributes = {
				LastSwiftUpdateCheck = 0800;
				LastUpgradeCheck = 0800;
				ORGANIZATIONNAME = carlynorama;
				TargetAttributes = {
					D296FE3F1D8307F300306CFA = {
						CreatedOnToolsVersion = 8.0;
						ProvisioningStyle = Automatic;
					};
				};
			};
			buildConfigurationList = D296FE3B1D8307F300306CFA /* Build configuration list for PBXProject "basicEventKit" */;
			compatibilityVersion = "Xcode 3.2";
			developmentRegion = English;
			hasScannedForEncodings = 0;
			knownRegions = (
				en,
				Base,
			);
			mainGroup = D296FE371D8307F300306CFA;
			productRefGroup = D296FE411D8307F300306CFA /* Products */;
			projectDirPath = "";
			projectRoot = "";
			targets = (
				D296FE3F1D8307F300306CFA /* basicEventKit */,
			);
		};
/* End PBXProject section */

/* Begin PBXResourcesBuildPhase section */
		D296FE3E1D8307F300306CFA /* Resources */ = {
			isa = PBXResourcesBuildPhase;
			buildActionMask = 2147483647;
			files = (
				D296FE511D8307F300306CFA /* LaunchScreen.storyboard in Resources */,
				D296FE4E1D8307F300306CFA /* Assets.xcassets in Resources */,
				D296FE491D8307F300306CFA /* Main.storyboard in Resources */,
			);
			runOnlyForDeploymentPostprocessing = 0;
		};
/* End PBXResourcesBuildPhase section */

/* Begin PBXSourcesBuildPhase section */
		D296FE3C1D8307F300306CFA /* Sources */ = {
			isa = PBXSourcesBuildPhase;
			buildActionMask = 2147483647;
			files = (
				D22100F61D85F5C200B1C769 /* NewReminder.swift in Sources */,
				D296FE461D8307F300306CFA /* ViewController.swift in Sources */,
				D22100F81D8600FB00B1C769 /* EditReminder.swift in Sources */,
				D296FE4C1D8307F300306CFA /* basicEventKit.xcdatamodeld in Sources */,
				D296FE441D8307F300306CFA /* AppDelegate.swift in Sources */,
			);
			runOnlyForDeploymentPostprocessing = 0;
		};
/* End PBXSourcesBuildPhase section */

/* Begin PBXVariantGroup section */
		D296FE471D8307F300306CFA /* Main.storyboard */ = {
			isa = PBXVariantGroup;
			children = (
				D296FE481D8307F300306CFA /* Base */,
			);
			name = Main.storyboard;
			sourceTree = "<group>";
		};
		D296FE4F1D8307F300306CFA /* LaunchScreen.storyboard */ = {
			isa = PBXVariantGroup;
			children = (
				D296FE501D8307F300306CFA /* Base */,
			);
			name = LaunchScreen.storyboard;
			sourceTree = "<group>";
		};
/* End PBXVariantGroup section */

/* Begin XCBuildConfiguration section */
		D296FE531D8307F300306CFA /* Debug */ = {
			isa = XCBuildConfiguration;
			buildSettings = {
				ALWAYS_SEARCH_USER_PATHS = NO;
				CLANG_ANALYZER_NONNULL = YES;
				CLANG_CXX_LANGUAGE_STANDARD = "gnu++0x";
				CLANG_CXX_LIBRARY = "libc++";
				CLANG_ENABLE_MODULES = YES;
				CLANG_ENABLE_OBJC_ARC = YES;
				CLANG_WARN_BOOL_CONVERSION = YES;
				CLANG_WARN_CONSTANT_CONVERSION = YES;
				CLANG_WARN_DIRECT_OBJC_ISA_USAGE = YES_ERROR;
				CLANG_WARN_DOCUMENTATION_COMMENTS = YES;
				CLANG_WARN_EMPTY_BODY = YES;
				CLANG_WARN_ENUM_CONVERSION = YES;
				CLANG_WARN_INFINITE_RECURSION = YES;
				CLANG_WARN_INT_CONVERSION = YES;
				CLANG_WARN_OBJC_ROOT_CLASS = YES_ERROR;
				CLANG_WARN_SUSPICIOUS_MOVES = YES;
				CLANG_WARN_UNREACHABLE_CODE = YES;
				CLANG_WARN__DUPLICATE_METHOD_MATCH = YES;
				"CODE_SIGN_IDENTITY[sdk=iphoneos*]" = "iPhone Developer";
				COPY_PHASE_STRIP = NO;
				DEBUG_INFORMATION_FORMAT = dwarf;
				ENABLE_STRICT_OBJC_MSGSEND = YES;
				ENABLE_TESTABILITY = YES;
				GCC_C_LANGUAGE_STANDARD = gnu99;
				GCC_DYNAMIC_NO_PIC = NO;
				GCC_NO_COMMON_BLOCKS = YES;
				GCC_OPTIMIZATION_LEVEL = 0;
				GCC_PREPROCESSOR_DEFINITIONS = (
					"DEBUG=1",
					"$(inherited)",
				);
				GCC_WARN_64_TO_32_BIT_CONVERSION = YES;
				GCC_WARN_ABOUT_RETURN_TYPE = YES_ERROR;
				GCC_WARN_UNDECLARED_SELECTOR = YES;
				GCC_WARN_UNINITIALIZED_AUTOS = YES_AGGRESSIVE;
				GCC_WARN_UNUSED_FUNCTION = YES;
				GCC_WARN_UNUSED_VARIABLE = YES;
				IPHONEOS_DEPLOYMENT_TARGET = 10.0;
				MTL_ENABLE_DEBUG_INFO = YES;
				ONLY_ACTIVE_ARCH = YES;
				SDKROOT = iphoneos;
				SWIFT_ACTIVE_COMPILATION_CONDITIONS = DEBUG;
				SWIFT_OPTIMIZATION_LEVEL = "-Onone";
				TARGETED_DEVICE_FAMILY = "1,2";
			};
			name = Debug;
		};
		D296FE541D8307F300306CFA /* Release */ = {
			isa = XCBuildConfiguration;
			buildSettings = {
				ALWAYS_SEARCH_USER_PATHS = NO;
				CLANG_ANALYZER_NONNULL = YES;
				CLANG_CXX_LANGUAGE_STANDARD = "gnu++0x";
				CLANG_CXX_LIBRARY = "libc++";
				CLANG_ENABLE_MODULES = YES;
				CLANG_ENABLE_OBJC_ARC = YES;
				CLANG_WARN_BOOL_CONVERSION = YES;
				CLANG_WARN_CONSTANT_CONVERSION = YES;
				CLANG_WARN_DIRECT_OBJC_ISA_USAGE = YES_ERROR;
				CLANG_WARN_DOCUMENTATION_COMMENTS = YES;
				CLANG_WARN_EMPTY_BODY = YES;
				CLANG_WARN_ENUM_CONVERSION = YES;
				CLANG_WARN_INFINITE_RECURSION = YES;
				CLANG_WARN_INT_CONVERSION = YES;
				CLANG_WARN_OBJC_ROOT_CLASS = YES_ERROR;
				CLANG_WARN_SUSPICIOUS_MOVES = YES;
				CLANG_WARN_UNREACHABLE_CODE = YES;
				CLANG_WARN__DUPLICATE_METHOD_MATCH = YES;
				"CODE_SIGN_IDENTITY[sdk=iphoneos*]" = "iPhone Developer";
				COPY_PHASE_STRIP = NO;
				DEBUG_INFORMATION_FORMAT = "dwarf-with-dsym";
				ENABLE_NS_ASSERTIONS = NO;
				ENABLE_STRICT_OBJC_MSGSEND = YES;
				GCC_C_LANGUAGE_STANDARD = gnu99;
				GCC_NO_COMMON_BLOCKS = YES;
				GCC_WARN_64_TO_32_BIT_CONVERSION = YES;
				GCC_WARN_ABOUT_RETURN_TYPE = YES_ERROR;
				GCC_WARN_UNDECLARED_SELECTOR = YES;
				GCC_WARN_UNINITIALIZED_AUTOS = YES_AGGRESSIVE;
				GCC_WARN_UNUSED_FUNCTION = YES;
				GCC_WARN_UNUSED_VARIABLE = YES;
				IPHONEOS_DEPLOYMENT_TARGET = 10.0;
				MTL_ENABLE_DEBUG_INFO = NO;
				SDKROOT = iphoneos;
				SWIFT_OPTIMIZATION_LEVEL = "-Owholemodule";
				TARGETED_DEVICE_FAMILY = "1,2";
				VALIDATE_PRODUCT = YES;
			};
			name = Release;
		};
		D296FE561D8307F300306CFA /* Debug */ = {
			isa = XCBuildConfiguration;
			buildSettings = {
				ASSETCATALOG_COMPILER_APPICON_NAME = AppIcon;
				INFOPLIST_FILE = basicEventKit/Info.plist;
				LD_RUNPATH_SEARCH_PATHS = "$(inherited) @executable_path/Frameworks";
				PRODUCT_BUNDLE_IDENTIFIER = com.carlynorama.basicEventKit;
				PRODUCT_NAME = "$(TARGET_NAME)";
				SWIFT_VERSION = 3.0;
			};
			name = Debug;
		};
		D296FE571D8307F300306CFA /* Release */ = {
			isa = XCBuildConfiguration;
			buildSettings = {
				ASSETCATALOG_COMPILER_APPICON_NAME = AppIcon;
				INFOPLIST_FILE = basicEventKit/Info.plist;
				LD_RUNPATH_SEARCH_PATHS = "$(inherited) @executable_path/Frameworks";
				PRODUCT_BUNDLE_IDENTIFIER = com.carlynorama.basicEventKit;
				PRODUCT_NAME = "$(TARGET_NAME)";
				SWIFT_VERSION = 3.0;
			};
			name = Release;
		};
/* End XCBuildConfiguration section */

/* Begin XCConfigurationList section */
		D296FE3B1D8307F300306CFA /* Build configuration list for PBXProject "basicEventKit" */ = {
			isa = XCConfigurationList;
			buildConfigurations = (
				D296FE531D8307F300306CFA /* Debug */,
				D296FE541D8307F300306CFA /* Release */,
			);
			defaultConfigurationIsVisible = 0;
			defaultConfigurationName = Release;
		};
		D296FE551D8307F300306CFA /* Build configuration list for PBXNativeTarget "basicEventKit" */ = {
			isa = XCConfigurationList;
			buildConfigurations = (
				D296FE561D8307F300306CFA /* Debug */,
				D296FE571D8307F300306CFA /* Release */,
			);
			defaultConfigurationIsVisible = 0;
			defaultConfigurationName = Release;
		};
/* End XCConfigurationList section */

/* Begin XCVersionGroup section */
		D296FE4A1D8307F300306CFA /* basicEventKit.xcdatamodeld */ = {
			isa = XCVersionGroup;
			children = (
				D296FE4B1D8307F300306CFA /* basicEventKit.xcdatamodel */,
			);
			currentVersion = D296FE4B1D8307F300306CFA /* basicEventKit.xcdatamodel */;
			path = basicEventKit.xcdatamodeld;
			sourceTree = "<group>";
			versionGroupType = wrapper.xcdatamodel;
		};
/* End XCVersionGroup section */
	};
	rootObject = D296FE381D8307F300306CFA /* Project object */;
}
