// !$*UTF8*$!
{
	archiveVersion = 1;
	classes = {
	};
	objectVersion = 46;
	objects = {

/* Begin PBXBuildFile section */
		D2C635771D78EF2C00F9696C /* AppDelegate.swift in Sources */ = {isa = PBXBuildFile; fileRef = D2C635761D78EF2C00F9696C /* AppDelegate.swift */; };
		D2C635791D78EF2C00F9696C /* ViewController.swift in Sources */ = {isa = PBXBuildFile; fileRef = D2C635781D78EF2C00F9696C /* ViewController.swift */; };
		D2C6357C1D78EF2C00F9696C /* Main.storyboard in Resources */ = {isa = PBXBuildFile; fileRef = D2C6357A1D78EF2C00F9696C /* Main.storyboard */; };
		D2C6357F1D78EF2C00F9696C /* TimesTables.xcdatamodeld in Sources */ = {isa = PBXBuildFile; fileRef = D2C6357D1D78EF2C00F9696C /* TimesTables.xcdatamodeld */; };
		D2C635811D78EF2C00F9696C /* Assets.xcassets in Resources */ = {isa = PBXBuildFile; fileRef = D2C635801D78EF2C00F9696C /* Assets.xcassets */; };
		D2C635841D78EF2C00F9696C /* LaunchScreen.storyboard in Resources */ = {isa = PBXBuildFile; fileRef = D2C635821D78EF2C00F9696C /* LaunchScreen.storyboard */; };
/* End PBXBuildFile section */

/* Begin PBXFileReference section */
		D2C635731D78EF2C00F9696C /* TimesTables.app */ = {isa = PBXFileReference; explicitFileType = wrapper.application; includeInIndex = 0; path = TimesTables.app; sourceTree = BUILT_PRODUCTS_DIR; };
		D2C635761D78EF2C00F9696C /* AppDelegate.swift */ = {isa = PBXFileReference; lastKnownFileType = sourcecode.swift; path = AppDelegate.swift; sourceTree = "<group>"; };
		D2C635781D78EF2C00F9696C /* ViewController.swift */ = {isa = PBXFileReference; lastKnownFileType = sourcecode.swift; path = ViewController.swift; sourceTree = "<group>"; };
		D2C6357B1D78EF2C00F9696C /* Base */ = {isa = PBXFileReference; lastKnownFileType = file.storyboard; name = Base; path = Base.lproj/Main.storyboard; sourceTree = "<group>"; };
		D2C6357E1D78EF2C00F9696C /* TimesTables.xcdatamodel */ = {isa = PBXFileReference; lastKnownFileType = wrapper.xcdatamodel; path = TimesTables.xcdatamodel; sourceTree = "<group>"; };
		D2C635801D78EF2C00F9696C /* Assets.xcassets */ = {isa = PBXFileReference; lastKnownFileType = folder.assetcatalog; path = Assets.xcassets; sourceTree = "<group>"; };
		D2C635831D78EF2C00F9696C /* Base */ = {isa = PBXFileReference; lastKnownFileType = file.storyboard; name = Base; path = Base.lproj/LaunchScreen.storyboard; sourceTree = "<group>"; };
		D2C635851D78EF2C00F9696C /* Info.plist */ = {isa = PBXFileReference; lastKnownFileType = text.plist.xml; path = Info.plist; sourceTree = "<group>"; };
/* End PBXFileReference section */

/* Begin PBXFrameworksBuildPhase section */
		D2C635701D78EF2C00F9696C /* Frameworks */ = {
			isa = PBXFrameworksBuildPhase;
			buildActionMask = 2147483647;
			files = (
			);
			runOnlyForDeploymentPostprocessing = 0;
		};
/* End PBXFrameworksBuildPhase section */

/* Begin PBXGroup section */
		D2C6356A1D78EF2C00F9696C = {
			isa = PBXGroup;
			children = (
				D2C635751D78EF2C00F9696C /* TimesTables */,
				D2C635741D78EF2C00F9696C /* Products */,
			);
			sourceTree = "<group>";
		};
		D2C635741D78EF2C00F9696C /* Products */ = {
			isa = PBXGroup;
			children = (
				D2C635731D78EF2C00F9696C /* TimesTables.app */,
			);
			name = Products;
			sourceTree = "<group>";
		};
		D2C635751D78EF2C00F9696C /* TimesTables */ = {
			isa = PBXGroup;
			children = (
				D2C635761D78EF2C00F9696C /* AppDelegate.swift */,
				D2C635781D78EF2C00F9696C /* ViewController.swift */,
				D2C6357A1D78EF2C00F9696C /* Main.storyboard */,
				D2C635801D78EF2C00F9696C /* Assets.xcassets */,
				D2C635821D78EF2C00F9696C /* LaunchScreen.storyboard */,
				D2C635851D78EF2C00F9696C /* Info.plist */,
				D2C6357D1D78EF2C00F9696C /* TimesTables.xcdatamodeld */,
			);
			path = TimesTables;
			sourceTree = "<group>";
		};
/* End PBXGroup section */

/* Begin PBXNativeTarget section */
		D2C635721D78EF2C00F9696C /* TimesTables */ = {
			isa = PBXNativeTarget;
			buildConfigurationList = D2C635881D78EF2C00F9696C /* Build configuration list for PBXNativeTarget "TimesTables" */;
			buildPhases = (
				D2C6356F1D78EF2C00F9696C /* Sources */,
				D2C635701D78EF2C00F9696C /* Frameworks */,
				D2C635711D78EF2C00F9696C /* Resources */,
			);
			buildRules = (
			);
			dependencies = (
			);
			name = TimesTables;
			productName = TimesTables;
			productReference = D2C635731D78EF2C00F9696C /* TimesTables.app */;
			productType = "com.apple.product-type.application";
		};
/* End PBXNativeTarget section */

/* Begin PBXProject section */
		D2C6356B1D78EF2C00F9696C /* Project object */ = {
			isa = PBXProject;
			attributes = {
				LastSwiftUpdateCheck = 0800;
				LastUpgradeCheck = 0800;
				ORGANIZATIONNAME = carlynorama;
				TargetAttributes = {
					D2C635721D78EF2C00F9696C = {
						CreatedOnToolsVersion = 8.0;
						ProvisioningStyle = Automatic;
					};
				};
			};
			buildConfigurationList = D2C6356E1D78EF2C00F9696C /* Build configuration list for PBXProject "TimesTables" */;
			compatibilityVersion = "Xcode 3.2";
			developmentRegion = English;
			hasScannedForEncodings = 0;
			knownRegions = (
				en,
				Base,
			);
			mainGroup = D2C6356A1D78EF2C00F9696C;
			productRefGroup = D2C635741D78EF2C00F9696C /* Products */;
			projectDirPath = "";
			projectRoot = "";
			targets = (
				D2C635721D78EF2C00F9696C /* TimesTables */,
			);
		};
/* End PBXProject section */

/* Begin PBXResourcesBuildPhase section */
		D2C635711D78EF2C00F9696C /* Resources */ = {
			isa = PBXResourcesBuildPhase;
			buildActionMask = 2147483647;
			files = (
				D2C635841D78EF2C00F9696C /* LaunchScreen.storyboard in Resources */,
				D2C635811D78EF2C00F9696C /* Assets.xcassets in Resources */,
				D2C6357C1D78EF2C00F9696C /* Main.storyboard in Resources */,
			);
			runOnlyForDeploymentPostprocessing = 0;
		};
/* End PBXResourcesBuildPhase section */

/* Begin PBXSourcesBuildPhase section */
		D2C6356F1D78EF2C00F9696C /* Sources */ = {
			isa = PBXSourcesBuildPhase;
			buildActionMask = 2147483647;
			files = (
				D2C6357F1D78EF2C00F9696C /* TimesTables.xcdatamodeld in Sources */,
				D2C635791D78EF2C00F9696C /* ViewController.swift in Sources */,
				D2C635771D78EF2C00F9696C /* AppDelegate.swift in Sources */,
			);
			runOnlyForDeploymentPostprocessing = 0;
		};
/* End PBXSourcesBuildPhase section */

/* Begin PBXVariantGroup section */
		D2C6357A1D78EF2C00F9696C /* Main.storyboard */ = {
			isa = PBXVariantGroup;
			children = (
				D2C6357B1D78EF2C00F9696C /* Base */,
			);
			name = Main.storyboard;
			sourceTree = "<group>";
		};
		D2C635821D78EF2C00F9696C /* LaunchScreen.storyboard */ = {
			isa = PBXVariantGroup;
			children = (
				D2C635831D78EF2C00F9696C /* Base */,
			);
			name = LaunchScreen.storyboard;
			sourceTree = "<group>";
		};
/* End PBXVariantGroup section */

/* Begin XCBuildConfiguration section */
		D2C635861D78EF2C00F9696C /* Debug */ = {
			isa = XCBuildConfiguration;
			buildSettings = {
				ALWAYS_SEARCH_USER_PATHS = NO;
				CLANG_ANALYZER_NONNULL = YES;
				CLANG_CXX_LANGUAGE_STANDARD = "gnu++0x";
				CLANG_CXX_LIBRARY = "libc++";
				CLANG_ENABLE_MODULES = YES;
				CLANG_ENABLE_OBJC_ARC = YES;
				CLANG_WARN_BOOL_CONVERSION = YES;
				CLANG_WARN_CONSTANT_CONVERSION = YES;
				CLANG_WARN_DIRECT_OBJC_ISA_USAGE = YES_ERROR;
				CLANG_WARN_DOCUMENTATION_COMMENTS = YES;
				CLANG_WARN_EMPTY_BODY = YES;
				CLANG_WARN_ENUM_CONVERSION = YES;
				CLANG_WARN_INFINITE_RECURSION = YES;
				CLANG_WARN_INT_CONVERSION = YES;
				CLANG_WARN_OBJC_ROOT_CLASS = YES_ERROR;
				CLANG_WARN_SUSPICIOUS_MOVES = YES;
				CLANG_WARN_UNREACHABLE_CODE = YES;
				CLANG_WARN__DUPLICATE_METHOD_MATCH = YES;
				"CODE_SIGN_IDENTITY[sdk=iphoneos*]" = "iPhone Developer";
				COPY_PHASE_STRIP = NO;
				DEBUG_INFORMATION_FORMAT = dwarf;
				ENABLE_STRICT_OBJC_MSGSEND = YES;
				ENABLE_TESTABILITY = YES;
				GCC_C_LANGUAGE_STANDARD = gnu99;
				GCC_DYNAMIC_NO_PIC = NO;
				GCC_NO_COMMON_BLOCKS = YES;
				GCC_OPTIMIZATION_LEVEL = 0;
				GCC_PREPROCESSOR_DEFINITIONS = (
					"DEBUG=1",
					"$(inherited)",
				);
				GCC_WARN_64_TO_32_BIT_CONVERSION = YES;
				GCC_WARN_ABOUT_RETURN_TYPE = YES_ERROR;
				GCC_WARN_UNDECLARED_SELECTOR = YES;
				GCC_WARN_UNINITIALIZED_AUTOS = YES_AGGRESSIVE;
				GCC_WARN_UNUSED_FUNCTION = YES;
				GCC_WARN_UNUSED_VARIABLE = YES;
				IPHONEOS_DEPLOYMENT_TARGET = 10.0;
				MTL_ENABLE_DEBUG_INFO = YES;
				ONLY_ACTIVE_ARCH = YES;
				SDKROOT = iphoneos;
				SWIFT_ACTIVE_COMPILATION_CONDITIONS = DEBUG;
				SWIFT_OPTIMIZATION_LEVEL = "-Onone";
				TARGETED_DEVICE_FAMILY = "1,2";
			};
			name = Debug;
		};
		D2C635871D78EF2C00F9696C /* Release */ = {
			isa = XCBuildConfiguration;
			buildSettings = {
				ALWAYS_SEARCH_USER_PATHS = NO;
				CLANG_ANALYZER_NONNULL = YES;
				CLANG_CXX_LANGUAGE_STANDARD = "gnu++0x";
				CLANG_CXX_LIBRARY = "libc++";
				CLANG_ENABLE_MODULES = YES;
				CLANG_ENABLE_OBJC_ARC = YES;
				CLANG_WARN_BOOL_CONVERSION = YES;
				CLANG_WARN_CONSTANT_CONVERSION = YES;
				CLANG_WARN_DIRECT_OBJC_ISA_USAGE = YES_ERROR;
				CLANG_WARN_DOCUMENTATION_COMMENTS = YES;
				CLANG_WARN_EMPTY_BODY = YES;
				CLANG_WARN_ENUM_CONVERSION = YES;
				CLANG_WARN_INFINITE_RECURSION = YES;
				CLANG_WARN_INT_CONVERSION = YES;
				CLANG_WARN_OBJC_ROOT_CLASS = YES_ERROR;
				CLANG_WARN_SUSPICIOUS_MOVES = YES;
				CLANG_WARN_UNREACHABLE_CODE = YES;
				CLANG_WARN__DUPLICATE_METHOD_MATCH = YES;
				"CODE_SIGN_IDENTITY[sdk=iphoneos*]" = "iPhone Developer";
				COPY_PHASE_STRIP = NO;
				DEBUG_INFORMATION_FORMAT = "dwarf-with-dsym";
				ENABLE_NS_ASSERTIONS = NO;
				ENABLE_STRICT_OBJC_MSGSEND = YES;
				GCC_C_LANGUAGE_STANDARD = gnu99;
				GCC_NO_COMMON_BLOCKS = YES;
				GCC_WARN_64_TO_32_BIT_CONVERSION = YES;
				GCC_WARN_ABOUT_RETURN_TYPE = YES_ERROR;
				GCC_WARN_UNDECLARED_SELECTOR = YES;
				GCC_WARN_UNINITIALIZED_AUTOS = YES_AGGRESSIVE;
				GCC_WARN_UNUSED_FUNCTION = YES;
				GCC_WARN_UNUSED_VARIABLE = YES;
				IPHONEOS_DEPLOYMENT_TARGET = 10.0;
				MTL_ENABLE_DEBUG_INFO = NO;
				SDKROOT = iphoneos;
				SWIFT_OPTIMIZATION_LEVEL = "-Owholemodule";
				TARGETED_DEVICE_FAMILY = "1,2";
				VALIDATE_PRODUCT = YES;
			};
			name = Release;
		};
		D2C635891D78EF2C00F9696C /* Debug */ = {
			isa = XCBuildConfiguration;
			buildSettings = {
				ASSETCATALOG_COMPILER_APPICON_NAME = AppIcon;
				INFOPLIST_FILE = TimesTables/Info.plist;
				LD_RUNPATH_SEARCH_PATHS = "$(inherited) @executable_path/Frameworks";
				PRODUCT_BUNDLE_IDENTIFIER = com.carlynorama.TimesTables;
				PRODUCT_NAME = "$(TARGET_NAME)";
				SWIFT_VERSION = 3.0;
			};
			name = Debug;
		};
		D2C6358A1D78EF2C00F9696C /* Release */ = {
			isa = XCBuildConfiguration;
			buildSettings = {
				ASSETCATALOG_COMPILER_APPICON_NAME = AppIcon;
				INFOPLIST_FILE = TimesTables/Info.plist;
				LD_RUNPATH_SEARCH_PATHS = "$(inherited) @executable_path/Frameworks";
				PRODUCT_BUNDLE_IDENTIFIER = com.carlynorama.TimesTables;
				PRODUCT_NAME = "$(TARGET_NAME)";
				SWIFT_VERSION = 3.0;
			};
			name = Release;
		};
/* End XCBuildConfiguration section */

/* Begin XCConfigurationList section */
		D2C6356E1D78EF2C00F9696C /* Build configuration list for PBXProject "TimesTables" */ = {
			isa = XCConfigurationList;
			buildConfigurations = (
				D2C635861D78EF2C00F9696C /* Debug */,
				D2C635871D78EF2C00F9696C /* Release */,
			);
			defaultConfigurationIsVisible = 0;
			defaultConfigurationName = Release;
		};
		D2C635881D78EF2C00F9696C /* Build configuration list for PBXNativeTarget "TimesTables" */ = {
			isa = XCConfigurationList;
			buildConfigurations = (
				D2C635891D78EF2C00F9696C /* Debug */,
				D2C6358A1D78EF2C00F9696C /* Release */,
			);
			defaultConfigurationIsVisible = 0;
		};
/* End XCConfigurationList section */

/* Begin XCVersionGroup section */
		D2C6357D1D78EF2C00F9696C /* TimesTables.xcdatamodeld */ = {
			isa = XCVersionGroup;
			children = (
				D2C6357E1D78EF2C00F9696C /* TimesTables.xcdatamodel */,
			);
			currentVersion = D2C6357E1D78EF2C00F9696C /* TimesTables.xcdatamodel */;
			path = TimesTables.xcdatamodeld;
			sourceTree = "<group>";
			versionGroupType = wrapper.xcdatamodel;
		};
/* End XCVersionGroup section */
	};
	rootObject = D2C6356B1D78EF2C00F9696C /* Project object */;
}
